dependencies:
- name: eck-stack
  repository: https://helm.elastic.co
  version: 0.6.0
- name: jaeger
  repository: https://jaegertracing.github.io/helm-charts
  version: 0.71.7
- name: opentelemetry-collector
  repository: https://open-telemetry.github.io/opentelemetry-helm-charts
  version: 0.62.0
- name: grafana
  repository: https://grafana.github.io/helm-charts
  version: 6.57.4
- name: kube-state-metrics
  repository: https://prometheus-community.github.io/helm-charts
  version: 5.8.1
- name: eck-stack
  repository: https://helm.elastic.co
  version: 0.6.0
digest: sha256:4493c1e07da481a6275a919023f8d4b50b58bb4540a57f56fc40f89c05f6593a
generated: "2023-07-12T12:20:45.599032153+01:00"
