dependencies:
- name: eck-stack
  repository: https://helm.elastic.co
  version: 0.6.0
- name: jaeger
  repository: https://jaegertracing.github.io/helm-charts
  version: 0.71.7
- name: kube-state-metrics
  repository: https://prometheus-community.github.io/helm-charts
  version: 5.8.1
- name: eck-stack
  repository: https://helm.elastic.co
  version: 0.6.0
digest: sha256:06a21bfffd347bb4cbc90ca05d9c4d89f7752266cd966ea3245ca1d6a55d45cb
generated: "2023-07-05T14:36:24.787187171+01:00"
